# This file is automatically @generated by Poetry 1.5.4 and should not be changed by hand.

[[package]]
name = "pyasn1"
version = "0.6.0"
description = "Pure-Python implementation of ASN.1 types and DER/BER/CER codecs (X.208)"
optional = false
python-versions = ">=3.8"
files = [
    {file = "pyasn1-0.6.0-py2.py3-none-any.whl", hash = "sha256:cca4bb0f2df5504f02f6f8a775b6e416ff9b0b3b16f7ee80b5a3153d9b804473"},
    {file = "pyasn1-0.6.0.tar.gz", hash = "sha256:3a35ab2c4b5ef98e17dfdec8ab074046fbda76e281c5a706ccd82328cfc8f64c"},
]

[[package]]
name = "pysimplegui"
version = "5.0.4"
description = "Python GUIs for Humans! PySimpleGUI is the top-rated Python application development environment. Launched in 2018 and actively developed, maintained, and supported in 2024. Transforms tkinter, Qt, WxPython, and Remi into a simple, intuitive, and fun experience for both hobbyists and expert users."
optional = false
python-versions = ">=3.6"
files = [
    {file = "PySimpleGUI-5.0.4-py3-none-any.whl", hash = "sha256:24e75f58f4fb5b876a85962dfefe023f0cc6fafb4eec1fa922d270b5ecadefb1"},
    {file = "PySimpleGUI-5.0.4.tar.gz", hash = "sha256:a53846e81056c72f7c44451a7bdd720590ca2bc43565cd4f1e9a16ee785d980c"},
]

[package.dependencies]
rsa = "*"

[[package]]
name = "pysimplegui-events"
version = "0.0.3"
description = "A simple event handler system for PySimpleGUI"
optional = false
python-versions = "*"
files = [
    {file = "PySimpleGUI_Events-0.0.3-py3-none-any.whl", hash = "sha256:6e2385913fd7678283fadca831972d647637cd780be140d1137fff950e0d577d"},
    {file = "PySimpleGUI_Events-0.0.3.tar.gz", hash = "sha256:0cbac2175163852aedbe03a7caed45581ab8d8fb7576c084d69435ea99219539"},
]

[[package]]
name = "rsa"
version = "4.9"
description = "Pure-Python RSA implementation"
optional = false
python-versions = ">=3.6,<4"
files = [
    {file = "rsa-4.9-py3-none-any.whl", hash = "sha256:90260d9058e514786967344d0ef75fa8727eed8a7d2e43ce9f4bcf1b536174f7"},
    {file = "rsa-4.9.tar.gz", hash = "sha256:e38464a49c6c85d7f1351b0126661487a7e0a14a50f1675ec50eb34d4f20ef21"},
]

[package.dependencies]
pyasn1 = ">=0.1.3"

[[package]]
name = "tkinter-gl"
version = "1.0a2"
description = "A base class for GL rendering surfaces in tkinter."
optional = false
python-versions = ">=3.8"
files = [
    {file = "tkinter-gl-1.0a2.tar.gz", hash = "sha256:6111e4526982037c580d095cf74b46ff1e74108de671de385849d00653927cfb"},
    {file = "tkinter_gl-1.0a2-py3-none-any.whl", hash = "sha256:742113cae51041dc272c0416a82e687f550b67b7dd9b88a3826a9f9292f05925"},
]

[metadata]
lock-version = "2.0"
python-versions = ">=3.10.0,<3.12"
content-hash = "1e6b3c43c78ea3e056414addcdc20c324998a65593e161b64f5a23a5ab3a9733"
